# This file is generated by running "yarn install" inside your project.
# Manual changes might be lost - proceed with caution!

__metadata:
  version: 4
  cacheKey: 8

"another@workspace:packages/another":
  version: 0.0.0-use.local
  resolution: "another@workspace:packages/another"
  languageName: dm
  linkType: soft

"external-pkg@file:external-pkg.tgz::locator=root%40workspace%3A.":
  version: 0.1.0
  resolution: "external-pkg@file:external-pkg.tgz::locator=root%40workspace%3A."
  checksum: 92908b0864273b33fd5f4abda857b4f559938441588ac01e8fa1f8fce0f9a7d0e7b6f5a77af23385eecfc9eed2fefe0b8e19813c650996bad461745dfd5c9855
  languageName: dm
  linkType: hard

"root@workspace:.":
  version: 0.0.0-use.local
  resolution: "root@workspace:."
  dependencies:
    external-pkg: "file:external-pkg.tgz"
  languageName: dm
  linkType: soft

"smth@workspace:packages/smth":
  version: 0.0.0-use.local
  resolution: "smth@workspace:packages/smth"
  languageName: dm
  linkType: soft
